
Microsoft Visual Studio Solution File, Format Version 12.00
# Visual Studio Version 17
VisualStudioVersion = 17.0.32112.339
MinimumVisualStudioVersion = 10.0.40219.1
Project("{9A19103F-16F7-4668-BE54-9A1E7A4F7556}") = "Find.App", "Find.App\Find.App.csproj", "{5FDF79AF-738C-4D8A-93CB-1E7A392A3EA3}"
EndProject
Project("{9A19103F-16F7-4668-BE54-9A1E7A4F7556}") = "Find.DataLayer", "Find.DataLayer\Find.DataLayer.csproj", "{E327AD45-27CD-452E-B398-66A2E5B88C36}"
EndProject
Project("{9A19103F-16F7-4668-BE54-9A1E7A4F7556}") = "Find.GenericServices", "Find.GenericServices\Find.GenericServices.csproj", "{378B0735-B603-4005-A1A2-8396170175E8}"
EndProject
Project("{9A19103F-16F7-4668-BE54-9A1E7A4F7556}") = "Find.ServiceLayer", "Find.ServiceLayer\Find.ServiceLayer.csproj", "{A911C63A-1D4E-4B77-8C53-4F352898612B}"
EndProject
Project("{9A19103F-16F7-4668-BE54-9A1E7A4F7556}") = "RefreshClaimsParts", "RefreshClaimsParts\RefreshClaimsParts.csproj", "{E15C5191-D1C2-4250-BCE6-69EAF161218B}"
EndProject
Project("{FAE04EC0-301F-11D3-BF4B-00C04F79EFBC}") = "PermissionParts", "PermissionParts\PermissionParts.csproj", "{616318E4-C471-4913-A048-480E6BB64463}"
EndProject
Global
	GlobalSection(SolutionConfigurationPlatforms) = preSolution
		Debug|Any CPU = Debug|Any CPU
		Release|Any CPU = Release|Any CPU
	EndGlobalSection
	GlobalSection(ProjectConfigurationPlatforms) = postSolution
		{5FDF79AF-738C-4D8A-93CB-1E7A392A3EA3}.Debug|Any CPU.ActiveCfg = Debug|Any CPU
		{5FDF79AF-738C-4D8A-93CB-1E7A392A3EA3}.Debug|Any CPU.Build.0 = Debug|Any CPU
		{5FDF79AF-738C-4D8A-93CB-1E7A392A3EA3}.Release|Any CPU.ActiveCfg = Release|Any CPU
		{5FDF79AF-738C-4D8A-93CB-1E7A392A3EA3}.Release|Any CPU.Build.0 = Release|Any CPU
		{E327AD45-27CD-452E-B398-66A2E5B88C36}.Debug|Any CPU.ActiveCfg = Debug|Any CPU
		{E327AD45-27CD-452E-B398-66A2E5B88C36}.Debug|Any CPU.Build.0 = Debug|Any CPU
		{E327AD45-27CD-452E-B398-66A2E5B88C36}.Release|Any CPU.ActiveCfg = Release|Any CPU
		{E327AD45-27CD-452E-B398-66A2E5B88C36}.Release|Any CPU.Build.0 = Release|Any CPU
		{378B0735-B603-4005-A1A2-8396170175E8}.Debug|Any CPU.ActiveCfg = Debug|Any CPU
		{378B0735-B603-4005-A1A2-8396170175E8}.Debug|Any CPU.Build.0 = Debug|Any CPU
		{378B0735-B603-4005-A1A2-8396170175E8}.Release|Any CPU.ActiveCfg = Release|Any CPU
		{378B0735-B603-4005-A1A2-8396170175E8}.Release|Any CPU.Build.0 = Release|Any CPU
		{A911C63A-1D4E-4B77-8C53-4F352898612B}.Debug|Any CPU.ActiveCfg = Debug|Any CPU
		{A911C63A-1D4E-4B77-8C53-4F352898612B}.Debug|Any CPU.Build.0 = Debug|Any CPU
		{A911C63A-1D4E-4B77-8C53-4F352898612B}.Release|Any CPU.ActiveCfg = Release|Any CPU
		{A911C63A-1D4E-4B77-8C53-4F352898612B}.Release|Any CPU.Build.0 = Release|Any CPU
		{E15C5191-D1C2-4250-BCE6-69EAF161218B}.Debug|Any CPU.ActiveCfg = Debug|Any CPU
		{E15C5191-D1C2-4250-BCE6-69EAF161218B}.Debug|Any CPU.Build.0 = Debug|Any CPU
		{E15C5191-D1C2-4250-BCE6-69EAF161218B}.Release|Any CPU.ActiveCfg = Release|Any CPU
		{E15C5191-D1C2-4250-BCE6-69EAF161218B}.Release|Any CPU.Build.0 = Release|Any CPU
		{616318E4-C471-4913-A048-480E6BB64463}.Debug|Any CPU.ActiveCfg = Debug|Any CPU
		{616318E4-C471-4913-A048-480E6BB64463}.Debug|Any CPU.Build.0 = Debug|Any CPU
		{616318E4-C471-4913-A048-480E6BB64463}.Release|Any CPU.ActiveCfg = Release|Any CPU
		{616318E4-C471-4913-A048-480E6BB64463}.Release|Any CPU.Build.0 = Release|Any CPU
	EndGlobalSection
	GlobalSection(SolutionProperties) = preSolution
		HideSolutionNode = FALSE
	EndGlobalSection
	GlobalSection(ExtensibilityGlobals) = postSolution
		SolutionGuid = {1F871336-9E85-4037-BC64-EE84AAE99237}
	EndGlobalSection
EndGlobal
